
Microsoft Visual Studio Solution File, Format Version 12.00
# Visual Studio Version 17
VisualStudioVersion = 17.9.34728.123
MinimumVisualStudioVersion = 10.0.40219.1
Project("{FAE04EC0-301F-11D3-BF4B-00C04F79EFBC}") = "HvRevitUiTest", "HvRevitUiTest.csproj", "{F1E94563-8105-4254-A77E-A9654525842A}"
EndProject
Global
	GlobalSection(SolutionConfigurationPlatforms) = preSolution
		Debug|Any CPU = Debug|Any CPU
		Release|Any CPU = Release|Any CPU
	EndGlobalSection
	GlobalSection(ProjectConfigurationPlatforms) = postSolution
		{F1E94563-8105-4254-A77E-A9654525842A}.Debug|Any CPU.ActiveCfg = Debug|Any CPU
		{F1E94563-8105-4254-A77E-A9654525842A}.Debug|Any CPU.Build.0 = Debug|Any CPU
		{F1E94563-8105-4254-A77E-A9654525842A}.Release|Any CPU.ActiveCfg = Release|Any CPU
		{F1E94563-8105-4254-A77E-A9654525842A}.Release|Any CPU.Build.0 = Release|Any CPU
	EndGlobalSection
	GlobalSection(SolutionProperties) = preSolution
		HideSolutionNode = FALSE
	EndGlobalSection
	GlobalSection(ExtensibilityGlobals) = postSolution
		SolutionGuid = {10752D2C-DB2D-4A6A-BDDA-1EFD2F39D3E8}
	EndGlobalSection
EndGlobal
